
Microsoft Visual Studio Solution File, Format Version 12.00
# Visual Studio Version 16
VisualStudioVersion = 16.0.30320.27
MinimumVisualStudioVersion = 10.0.40219.1
Project("{FAE04EC0-301F-11D3-BF4B-00C04F79EFBC}") = "Backend_Toplearn", "Backend_Toplearn\Backend_Toplearn.csproj", "{459D50F7-F996-463A-BEB0-B5D25D2BBAEB}"
EndProject
Global
	GlobalSection(SolutionConfigurationPlatforms) = preSolution
		Debug|Any CPU = Debug|Any CPU
		Release|Any CPU = Release|Any CPU
	EndGlobalSection
	GlobalSection(ProjectConfigurationPlatforms) = postSolution
		{459D50F7-F996-463A-BEB0-B5D25D2BBAEB}.Debug|Any CPU.ActiveCfg = Debug|Any CPU
		{459D50F7-F996-463A-BEB0-B5D25D2BBAEB}.Debug|Any CPU.Build.0 = Debug|Any CPU
		{459D50F7-F996-463A-BEB0-B5D25D2BBAEB}.Release|Any CPU.ActiveCfg = Release|Any CPU
		{459D50F7-F996-463A-BEB0-B5D25D2BBAEB}.Release|Any CPU.Build.0 = Release|Any CPU
	EndGlobalSection
	GlobalSection(SolutionProperties) = preSolution
		HideSolutionNode = FALSE
	EndGlobalSection
	GlobalSection(ExtensibilityGlobals) = postSolution
		SolutionGuid = {D3D433E9-CE63-4F2F-815D-B034CCB8E156}
	EndGlobalSection
EndGlobal
